
Microsoft Visual Studio Solution File, Format Version 12.00
# Visual Studio Version 17
VisualStudioVersion = 17.6.33927.249
MinimumVisualStudioVersion = 10.0.40219.1
Project("{FAE04EC0-301F-11D3-BF4B-00C04F79EFBC}") = "ConstosoUniversityDatabaseFirst", "ConstosoUniversityDatabaseFirst.csproj", "{61E26FE1-06C6-46C6-B814-7E2C4CE47030}"
EndProject
Project("{FAE04EC0-301F-11D3-BF4B-00C04F79EFBC}") = "ConstosoUniversityDatabaseFirst.Tests", "..\ConstosoUniversityDatabaseFirst.Tests\ConstosoUniversityDatabaseFirst.Tests.csproj", "{B1247FF7-BBD3-42C3-8441-84BBF1F47693}"
EndProject
Global
	GlobalSection(SolutionConfigurationPlatforms) = preSolution
		Debug|Any CPU = Debug|Any CPU
		Release|Any CPU = Release|Any CPU
	EndGlobalSection
	GlobalSection(ProjectConfigurationPlatforms) = postSolution
		{61E26FE1-06C6-46C6-B814-7E2C4CE47030}.Debug|Any CPU.ActiveCfg = Debug|Any CPU
		{61E26FE1-06C6-46C6-B814-7E2C4CE47030}.Debug|Any CPU.Build.0 = Debug|Any CPU
		{61E26FE1-06C6-46C6-B814-7E2C4CE47030}.Release|Any CPU.ActiveCfg = Release|Any CPU
		{61E26FE1-06C6-46C6-B814-7E2C4CE47030}.Release|Any CPU.Build.0 = Release|Any CPU
		{B1247FF7-BBD3-42C3-8441-84BBF1F47693}.Debug|Any CPU.ActiveCfg = Debug|Any CPU
		{B1247FF7-BBD3-42C3-8441-84BBF1F47693}.Debug|Any CPU.Build.0 = Debug|Any CPU
		{B1247FF7-BBD3-42C3-8441-84BBF1F47693}.Release|Any CPU.ActiveCfg = Release|Any CPU
		{B1247FF7-BBD3-42C3-8441-84BBF1F47693}.Release|Any CPU.Build.0 = Release|Any CPU
	EndGlobalSection
	GlobalSection(SolutionProperties) = preSolution
		HideSolutionNode = FALSE
	EndGlobalSection
	GlobalSection(ExtensibilityGlobals) = postSolution
		SolutionGuid = {8B58FD4A-C4E9-43ED-8936-EBBF79D41D2B}
	EndGlobalSection
EndGlobal
